// !$*UTF8*$!
{
	archiveVersion = 1;
	classes = {
	};
	objectVersion = 46;
	objects = {

/* Begin PBXBuildFile section */
		F3003EA11BBA8105001354E3 /* UserReviewView.swift in Sources */ = {isa = PBXBuildFile; fileRef = F3003EA01BBA8105001354E3 /* UserReviewView.swift */; };
		F3003EA31BBA8117001354E3 /* UserReviewView.xib in Resources */ = {isa = PBXBuildFile; fileRef = F3003EA21BBA8117001354E3 /* UserReviewView.xib */; };
		F3003EA51BBA88F8001354E3 /* OpenSans-LightItalic.ttf in Resources */ = {isa = PBXBuildFile; fileRef = F3003EA41BBA887C001354E3 /* OpenSans-LightItalic.ttf */; };
		F3003EA71BBAB071001354E3 /* OpenSans-Bold.ttf in Resources */ = {isa = PBXBuildFile; fileRef = F3003EA61BBAB065001354E3 /* OpenSans-Bold.ttf */; };
		F305F5211BB906AA006BEFA2 /* iCarousel.m in Sources */ = {isa = PBXBuildFile; fileRef = F305F5201BB906AA006BEFA2 /* iCarousel.m */; };
		F305F5271BB96691006BEFA2 /* MyProfileViewController.swift in Sources */ = {isa = PBXBuildFile; fileRef = F305F5261BB96691006BEFA2 /* MyProfileViewController.swift */; };
		F305F5291BB966B4006BEFA2 /* FavoritesViewController.swift in Sources */ = {isa = PBXBuildFile; fileRef = F305F5281BB966B4006BEFA2 /* FavoritesViewController.swift */; };
		F305F52B1BB966C5006BEFA2 /* FeedbackViewController.swift in Sources */ = {isa = PBXBuildFile; fileRef = F305F52A1BB966C5006BEFA2 /* FeedbackViewController.swift */; };
		F305F52D1BB966D5006BEFA2 /* SearchViewController.swift in Sources */ = {isa = PBXBuildFile; fileRef = F305F52C1BB966D5006BEFA2 /* SearchViewController.swift */; };
		F321BDBF1C0EF76A0060FECD /* ChangePasswordViewController.swift in Sources */ = {isa = PBXBuildFile; fileRef = F321BDBE1C0EF76A0060FECD /* ChangePasswordViewController.swift */; };
		F340903F1BCBAEC600FF977A /* User.swift in Sources */ = {isa = PBXBuildFile; fileRef = F340903E1BCBAEC600FF977A /* User.swift */; };
		F34262771BD8E86400A1EF69 /* UsersList.swift in Sources */ = {isa = PBXBuildFile; fileRef = F34262761BD8E86400A1EF69 /* UsersList.swift */; };
		F3438A7C1BB27E62001BA5E6 /* LoginOrSignUpViewController.swift in Sources */ = {isa = PBXBuildFile; fileRef = F3438A791BB27E62001BA5E6 /* LoginOrSignUpViewController.swift */; };
		F3438A7D1BB27E62001BA5E6 /* SignupViewController.swift in Sources */ = {isa = PBXBuildFile; fileRef = F3438A7A1BB27E62001BA5E6 /* SignupViewController.swift */; };
		F3438A7E1BB27E62001BA5E6 /* LoginViewController.swift in Sources */ = {isa = PBXBuildFile; fileRef = F3438A7B1BB27E62001BA5E6 /* LoginViewController.swift */; };
		F3438A801BB27EBF001BA5E6 /* AppDelegate.swift in Sources */ = {isa = PBXBuildFile; fileRef = F3438A7F1BB27EBF001BA5E6 /* AppDelegate.swift */; };
		F3438A831BB27ED2001BA5E6 /* LaunchScreen.xib in Resources */ = {isa = PBXBuildFile; fileRef = F3438A811BB27ED2001BA5E6 /* LaunchScreen.xib */; };
		F3438A841BB27ED2001BA5E6 /* Main.storyboard in Resources */ = {isa = PBXBuildFile; fileRef = F3438A821BB27ED2001BA5E6 /* Main.storyboard */; };
		F3438A891BB27F50001BA5E6 /* FitHUDL.xcdatamodeld in Sources */ = {isa = PBXBuildFile; fileRef = F3438A871BB27F50001BA5E6 /* FitHUDL.xcdatamodeld */; };
		F3438A8C1BB27F74001BA5E6 /* CustomURLConnection.swift in Sources */ = {isa = PBXBuildFile; fileRef = F3438A8B1BB27F74001BA5E6 /* CustomURLConnection.swift */; };
		F3438A9A1BB2845D001BA5E6 /* FacebookSDKStrings.bundle in Resources */ = {isa = PBXBuildFile; fileRef = F3438A971BB2845D001BA5E6 /* FacebookSDKStrings.bundle */; };
		F3438A9B1BB2845D001BA5E6 /* FBSDKCoreKit.framework in Frameworks */ = {isa = PBXBuildFile; fileRef = F3438A981BB2845D001BA5E6 /* FBSDKCoreKit.framework */; };
		F3438A9C1BB2845D001BA5E6 /* FBSDKLoginKit.framework in Frameworks */ = {isa = PBXBuildFile; fileRef = F3438A991BB2845D001BA5E6 /* FBSDKLoginKit.framework */; };
		F3438AA01BB28A03001BA5E6 /* Reachability.m in Sources */ = {isa = PBXBuildFile; fileRef = F3438A9E1BB28A03001BA5E6 /* Reachability.m */; };
		F3438AA41BB290B6001BA5E6 /* AppConstants.swift in Sources */ = {isa = PBXBuildFile; fileRef = F3438AA21BB290B6001BA5E6 /* AppConstants.swift */; };
		F3438AA51BB290B6001BA5E6 /* Globals.swift in Sources */ = {isa = PBXBuildFile; fileRef = F3438AA31BB290B6001BA5E6 /* Globals.swift */; };
		F3551CF51BCE08AB00A94B1B /* FavouritesListCell.swift in Sources */ = {isa = PBXBuildFile; fileRef = F3551CF41BCE08AB00A94B1B /* FavouritesListCell.swift */; };
		F35654BB1BE0BAE8006A8705 /* SearchResultViewController.swift in Sources */ = {isa = PBXBuildFile; fileRef = F35654BA1BE0BAE8006A8705 /* SearchResultViewController.swift */; };
		F35FAE591BFB3A3E00FDB777 /* BookingRequestViewController.swift in Sources */ = {isa = PBXBuildFile; fileRef = F35FAE581BFB3A3E00FDB777 /* BookingRequestViewController.swift */; };
		F36691631BCD072A00B74CFE /* Images.swift in Sources */ = {isa = PBXBuildFile; fileRef = F36691621BCD072A00B74CFE /* Images.swift */; };
		F36B81F41BB5373B00CB8043 /* OpenSans-Light.ttf in Resources */ = {isa = PBXBuildFile; fileRef = F36B81F21BB5373B00CB8043 /* OpenSans-Light.ttf */; };
		F36B81F51BB5373B00CB8043 /* OpenSans-Regular.ttf in Resources */ = {isa = PBXBuildFile; fileRef = F36B81F31BB5373B00CB8043 /* OpenSans-Regular.ttf */; };
		F3717C981BBB9FFF0038795A /* StarRateView.swift in Sources */ = {isa = PBXBuildFile; fileRef = F3717C971BBB9FFF0038795A /* StarRateView.swift */; };
		F3717C9D1BBBE2A10038795A /* BadgesCollectionViewCell.swift in Sources */ = {isa = PBXBuildFile; fileRef = F3717C9B1BBBE2A10038795A /* BadgesCollectionViewCell.swift */; };
		F3717C9E1BBBE2A10038795A /* BadgesCollectionViewCell.xib in Resources */ = {isa = PBXBuildFile; fileRef = F3717C9C1BBBE2A10038795A /* BadgesCollectionViewCell.xib */; };
		F37968F21BCE812E0074B57D /* SRMonthPicker.m in Sources */ = {isa = PBXBuildFile; fileRef = F37968F01BCE812E0074B57D /* SRMonthPicker.m */; };
		F37968F41BCE81500074B57D /* EditProfileViewController.swift in Sources */ = {isa = PBXBuildFile; fileRef = F37968F31BCE81500074B57D /* EditProfileViewController.swift */; };
		F38235611C08173E00B14F8E /* CoreTelephony.framework in Frameworks */ = {isa = PBXBuildFile; fileRef = F38235601C08173E00B14F8E /* CoreTelephony.framework */; };
		F38235631C08174D00B14F8E /* SystemConfiguration.framework in Frameworks */ = {isa = PBXBuildFile; fileRef = F38235621C08174D00B14F8E /* SystemConfiguration.framework */; };
		F38235651C08175F00B14F8E /* libz.dylib in Frameworks */ = {isa = PBXBuildFile; fileRef = F38235641C08175F00B14F8E /* libz.dylib */; };
		F38576AA1BDDD9460072486B /* BookingSessionViewController.swift in Sources */ = {isa = PBXBuildFile; fileRef = F38576A91BDDD9460072486B /* BookingSessionViewController.swift */; };
		F38576AD1BDDDF980072486B /* BookingTableViewCell.swift in Sources */ = {isa = PBXBuildFile; fileRef = F38576AB1BDDDF980072486B /* BookingTableViewCell.swift */; };
		F38576AE1BDDDF980072486B /* BookingTableViewCell.xib in Resources */ = {isa = PBXBuildFile; fileRef = F38576AC1BDDDF980072486B /* BookingTableViewCell.xib */; };
		F3884C671BF35DB300A62547 /* PackageViewController.swift in Sources */ = {isa = PBXBuildFile; fileRef = F3884C661BF35DB300A62547 /* PackageViewController.swift */; };
		F388D6A01BEC6BC500E41540 /* NotificationViewController.swift in Sources */ = {isa = PBXBuildFile; fileRef = F388D69E1BEC6BC400E41540 /* NotificationViewController.swift */; };
		F388D6A11BEC6BC500E41540 /* NotificationViewController.xib in Resources */ = {isa = PBXBuildFile; fileRef = F388D69F1BEC6BC500E41540 /* NotificationViewController.xib */; };
		F38950091BCF94FD00ED0C77 /* DIDatepicker.m in Sources */ = {isa = PBXBuildFile; fileRef = F38950061BCF94FD00ED0C77 /* DIDatepicker.m */; };
		F389500A1BCF94FD00ED0C77 /* DIDatepickerDateView.m in Sources */ = {isa = PBXBuildFile; fileRef = F38950081BCF94FD00ED0C77 /* DIDatepickerDateView.m */; };
		F395D9761C0C29EA00BF26AC /* NewRelicAgent.framework in Frameworks */ = {isa = PBXBuildFile; fileRef = F395D9751C0C29EA00BF26AC /* NewRelicAgent.framework */; };
		F395D9771C0C2A4700BF26AC /* NewRelicAgent.framework in Frameworks */ = {isa = PBXBuildFile; fileRef = F395D9751C0C29EA00BF26AC /* NewRelicAgent.framework */; settings = {ATTRIBUTES = (Required, ); }; };
		F395D9781C0C2BCF00BF26AC /* NewRelicAgent.framework in Resources */ = {isa = PBXBuildFile; fileRef = F395D9751C0C29EA00BF26AC /* NewRelicAgent.framework */; };
		F395D9791C0C3B9E00BF26AC /* SystemConfiguration.framework in Frameworks */ = {isa = PBXBuildFile; fileRef = F38235621C08174D00B14F8E /* SystemConfiguration.framework */; };
		F395D97A1C0C3BB700BF26AC /* CoreTelephony.framework in Frameworks */ = {isa = PBXBuildFile; fileRef = F38235601C08173E00B14F8E /* CoreTelephony.framework */; };
		F395D97B1C0C3BC100BF26AC /* libz.dylib in Frameworks */ = {isa = PBXBuildFile; fileRef = F38235641C08175F00B14F8E /* libz.dylib */; };
		F39E61C11C02D524001D8576 /* BookingHistoryViewController.swift in Sources */ = {isa = PBXBuildFile; fileRef = F39E61C01C02D524001D8576 /* BookingHistoryViewController.swift */; };
		F39E61C41C02D878001D8576 /* HistoryTableViewCell.swift in Sources */ = {isa = PBXBuildFile; fileRef = F39E61C21C02D878001D8576 /* HistoryTableViewCell.swift */; };
		F39E61C51C02D878001D8576 /* HistoryTableViewCell.xib in Resources */ = {isa = PBXBuildFile; fileRef = F39E61C31C02D878001D8576 /* HistoryTableViewCell.xib */; };
		F39F4ACB1BF9BA3600056A0B /* SessionTimerViewController.swift in Sources */ = {isa = PBXBuildFile; fileRef = F39F4ACA1BF9BA3600056A0B /* SessionTimerViewController.swift */; };
		F39F4ACD1BF9C8B500056A0B /* TimerView.swift in Sources */ = {isa = PBXBuildFile; fileRef = F39F4ACC1BF9C8B500056A0B /* TimerView.swift */; };
		F39F4AD31BF9EE5600056A0B /* MZTimerLabel.m in Sources */ = {isa = PBXBuildFile; fileRef = F39F4AD21BF9EE5600056A0B /* MZTimerLabel.m */; };
		F3A2AD241BD4A73800DA6F7B /* RateFeedbackCell.swift in Sources */ = {isa = PBXBuildFile; fileRef = F3A2AD221BD4A73800DA6F7B /* RateFeedbackCell.swift */; };
		F3A2AD251BD4A73800DA6F7B /* RateFeedbackCell.xib in Resources */ = {isa = PBXBuildFile; fileRef = F3A2AD231BD4A73800DA6F7B /* RateFeedbackCell.xib */; };
		F3A2AD271BD4A77000DA6F7B /* RateView.swift in Sources */ = {isa = PBXBuildFile; fileRef = F3A2AD261BD4A77000DA6F7B /* RateView.swift */; };
		F3A2AD291BD4A78600DA6F7B /* RateView.xib in Resources */ = {isa = PBXBuildFile; fileRef = F3A2AD281BD4A78600DA6F7B /* RateView.xib */; };
		F3B05B551BBA553600CA9ACA /* MainTabbarViewController.swift in Sources */ = {isa = PBXBuildFile; fileRef = F3B05B541BBA553600CA9ACA /* MainTabbarViewController.swift */; };
		F3CC9DDC1C0DC2F2006DAF6A /* IAPHelper.swift in Sources */ = {isa = PBXBuildFile; fileRef = F3CC9DDB1C0DC2F2006DAF6A /* IAPHelper.swift */; };
		F3CDCB351BB27D4A0070EDAF /* ViewController.swift in Sources */ = {isa = PBXBuildFile; fileRef = F3CDCB341BB27D4A0070EDAF /* ViewController.swift */; };
		F3CDCB3A1BB27D4A0070EDAF /* Images.xcassets in Resources */ = {isa = PBXBuildFile; fileRef = F3CDCB391BB27D4A0070EDAF /* Images.xcassets */; };
		F3CDCB491BB27D4A0070EDAF /* FitHUDLTests.swift in Sources */ = {isa = PBXBuildFile; fileRef = F3CDCB481BB27D4A0070EDAF /* FitHUDLTests.swift */; };
		F3E266651BECCB2E00717724 /* NotificationCell.swift in Sources */ = {isa = PBXBuildFile; fileRef = F3E266631BECCB2E00717724 /* NotificationCell.swift */; };
		F3E266661BECCB2E00717724 /* NotificationCell.xib in Resources */ = {isa = PBXBuildFile; fileRef = F3E266641BECCB2E00717724 /* NotificationCell.xib */; };
		F3E3D93C1BBD14F100E45E36 /* CustomPopupViewController.swift in Sources */ = {isa = PBXBuildFile; fileRef = F3E3D93B1BBD14F100E45E36 /* CustomPopupViewController.swift */; };
		F3E3D94B1BBD526E00E45E36 /* UserReviewCollectionViewCell.swift in Sources */ = {isa = PBXBuildFile; fileRef = F3E3D9491BBD526E00E45E36 /* UserReviewCollectionViewCell.swift */; };
		F3E3D94C1BBD526E00E45E36 /* UserReviewCollectionViewCell.xib in Resources */ = {isa = PBXBuildFile; fileRef = F3E3D94A1BBD526E00E45E36 /* UserReviewCollectionViewCell.xib */; };
		F3E8C5F41BFEE726003D5790 /* FBSDKShareKit.framework in Frameworks */ = {isa = PBXBuildFile; fileRef = F3E8C5F31BFEE726003D5790 /* FBSDKShareKit.framework */; };
/* End PBXBuildFile section */

/* Begin PBXContainerItemProxy section */
		F3CDCB431BB27D4A0070EDAF /* PBXContainerItemProxy */ = {
			isa = PBXContainerItemProxy;
			containerPortal = F3CDCB221BB27D490070EDAF /* Project object */;
			proxyType = 1;
			remoteGlobalIDString = F3CDCB291BB27D490070EDAF;
			remoteInfo = FitHUDL;
		};
/* End PBXContainerItemProxy section */

/* Begin PBXFileReference section */
		F3003EA01BBA8105001354E3 /* UserReviewView.swift */ = {isa = PBXFileReference; fileEncoding = 4; lastKnownFileType = sourcecode.swift; path = UserReviewView.swift; sourceTree = "<group>"; };
		F3003EA21BBA8117001354E3 /* UserReviewView.xib */ = {isa = PBXFileReference; fileEncoding = 4; lastKnownFileType = file.xib; path = UserReviewView.xib; sourceTree = "<group>"; };
		F3003EA41BBA887C001354E3 /* OpenSans-LightItalic.ttf */ = {isa = PBXFileReference; lastKnownFileType = file; path = "OpenSans-LightItalic.ttf"; sourceTree = "<group>"; };
		F3003EA61BBAB065001354E3 /* OpenSans-Bold.ttf */ = {isa = PBXFileReference; lastKnownFileType = file; path = "OpenSans-Bold.ttf"; sourceTree = "<group>"; };
		F305F51F1BB906AA006BEFA2 /* iCarousel.h */ = {isa = PBXFileReference; fileEncoding = 4; lastKnownFileType = sourcecode.c.h; path = iCarousel.h; sourceTree = "<group>"; };
		F305F5201BB906AA006BEFA2 /* iCarousel.m */ = {isa = PBXFileReference; fileEncoding = 4; lastKnownFileType = sourcecode.c.objc; path = iCarousel.m; sourceTree = "<group>"; };
		F305F5261BB96691006BEFA2 /* MyProfileViewController.swift */ = {isa = PBXFileReference; fileEncoding = 4; lastKnownFileType = sourcecode.swift; path = MyProfileViewController.swift; sourceTree = "<group>"; };
		F305F5281BB966B4006BEFA2 /* FavoritesViewController.swift */ = {isa = PBXFileReference; fileEncoding = 4; lastKnownFileType = sourcecode.swift; path = FavoritesViewController.swift; sourceTree = "<group>"; };
		F305F52A1BB966C5006BEFA2 /* FeedbackViewController.swift */ = {isa = PBXFileReference; fileEncoding = 4; lastKnownFileType = sourcecode.swift; path = FeedbackViewController.swift; sourceTree = "<group>"; };
		F305F52C1BB966D5006BEFA2 /* SearchViewController.swift */ = {isa = PBXFileReference; fileEncoding = 4; lastKnownFileType = sourcecode.swift; path = SearchViewController.swift; sourceTree = "<group>"; };
		F321BDBE1C0EF76A0060FECD /* ChangePasswordViewController.swift */ = {isa = PBXFileReference; fileEncoding = 4; lastKnownFileType = sourcecode.swift; path = ChangePasswordViewController.swift; sourceTree = "<group>"; };
		F340903E1BCBAEC600FF977A /* User.swift */ = {isa = PBXFileReference; fileEncoding = 4; lastKnownFileType = sourcecode.swift; path = User.swift; sourceTree = "<group>"; };
		F34262761BD8E86400A1EF69 /* UsersList.swift */ = {isa = PBXFileReference; fileEncoding = 4; lastKnownFileType = sourcecode.swift; path = UsersList.swift; sourceTree = "<group>"; };
		F3438A791BB27E62001BA5E6 /* LoginOrSignUpViewController.swift */ = {isa = PBXFileReference; fileEncoding = 4; lastKnownFileType = sourcecode.swift; path = LoginOrSignUpViewController.swift; sourceTree = "<group>"; };
		F3438A7A1BB27E62001BA5E6 /* SignupViewController.swift */ = {isa = PBXFileReference; fileEncoding = 4; lastKnownFileType = sourcecode.swift; path = SignupViewController.swift; sourceTree = "<group>"; };
		F3438A7B1BB27E62001BA5E6 /* LoginViewController.swift */ = {isa = PBXFileReference; fileEncoding = 4; lastKnownFileType = sourcecode.swift; path = LoginViewController.swift; sourceTree = "<group>"; };
		F3438A7F1BB27EBF001BA5E6 /* AppDelegate.swift */ = {isa = PBXFileReference; fileEncoding = 4; lastKnownFileType = sourcecode.swift; path = AppDelegate.swift; sourceTree = "<group>"; };
		F3438A811BB27ED2001BA5E6 /* LaunchScreen.xib */ = {isa = PBXFileReference; fileEncoding = 4; lastKnownFileType = file.xib; path = LaunchScreen.xib; sourceTree = "<group>"; };
		F3438A821BB27ED2001BA5E6 /* Main.storyboard */ = {isa = PBXFileReference; fileEncoding = 4; lastKnownFileType = file.storyboard; path = Main.storyboard; sourceTree = "<group>"; };
		F3438A881BB27F50001BA5E6 /* FitHUDL.xcdatamodel */ = {isa = PBXFileReference; lastKnownFileType = wrapper.xcdatamodel; path = FitHUDL.xcdatamodel; sourceTree = "<group>"; };
		F3438A8A1BB27F74001BA5E6 /* FitHUDL-Bridging-Header.h */ = {isa = PBXFileReference; fileEncoding = 4; lastKnownFileType = sourcecode.c.h; path = "FitHUDL-Bridging-Header.h"; sourceTree = "<group>"; };
		F3438A8B1BB27F74001BA5E6 /* CustomURLConnection.swift */ = {isa = PBXFileReference; fileEncoding = 4; lastKnownFileType = sourcecode.swift; path = CustomURLConnection.swift; sourceTree = "<group>"; };
		F3438A971BB2845D001BA5E6 /* FacebookSDKStrings.bundle */ = {isa = PBXFileReference; lastKnownFileType = "wrapper.plug-in"; path = FacebookSDKStrings.bundle; sourceTree = "<group>"; };
		F3438A981BB2845D001BA5E6 /* FBSDKCoreKit.framework */ = {isa = PBXFileReference; lastKnownFileType = wrapper.framework; path = FBSDKCoreKit.framework; sourceTree = "<group>"; };
		F3438A991BB2845D001BA5E6 /* FBSDKLoginKit.framework */ = {isa = PBXFileReference; lastKnownFileType = wrapper.framework; path = FBSDKLoginKit.framework; sourceTree = "<group>"; };
		F3438A9E1BB28A03001BA5E6 /* Reachability.m */ = {isa = PBXFileReference; fileEncoding = 4; lastKnownFileType = sourcecode.c.objc; path = Reachability.m; sourceTree = "<group>"; };
		F3438A9F1BB28A03001BA5E6 /* Reachability.h */ = {isa = PBXFileReference; fileEncoding = 4; lastKnownFileType = sourcecode.c.h; path = Reachability.h; sourceTree = "<group>"; };
		F3438AA21BB290B6001BA5E6 /* AppConstants.swift */ = {isa = PBXFileReference; fileEncoding = 4; lastKnownFileType = sourcecode.swift; path = AppConstants.swift; sourceTree = "<group>"; };
		F3438AA31BB290B6001BA5E6 /* Globals.swift */ = {isa = PBXFileReference; fileEncoding = 4; lastKnownFileType = sourcecode.swift; path = Globals.swift; sourceTree = "<group>"; };
		F3551CF41BCE08AB00A94B1B /* FavouritesListCell.swift */ = {isa = PBXFileReference; fileEncoding = 4; lastKnownFileType = sourcecode.swift; path = FavouritesListCell.swift; sourceTree = "<group>"; };
		F35654BA1BE0BAE8006A8705 /* SearchResultViewController.swift */ = {isa = PBXFileReference; fileEncoding = 4; lastKnownFileType = sourcecode.swift; path = SearchResultViewController.swift; sourceTree = "<group>"; };
		F35FAE581BFB3A3E00FDB777 /* BookingRequestViewController.swift */ = {isa = PBXFileReference; fileEncoding = 4; lastKnownFileType = sourcecode.swift; path = BookingRequestViewController.swift; sourceTree = "<group>"; };
		F36691621BCD072A00B74CFE /* Images.swift */ = {isa = PBXFileReference; fileEncoding = 4; lastKnownFileType = sourcecode.swift; path = Images.swift; sourceTree = "<group>"; };
		F36B81F21BB5373B00CB8043 /* OpenSans-Light.ttf */ = {isa = PBXFileReference; lastKnownFileType = file; path = "OpenSans-Light.ttf"; sourceTree = "<group>"; };
		F36B81F31BB5373B00CB8043 /* OpenSans-Regular.ttf */ = {isa = PBXFileReference; lastKnownFileType = file; path = "OpenSans-Regular.ttf"; sourceTree = "<group>"; };
		F3717C971BBB9FFF0038795A /* StarRateView.swift */ = {isa = PBXFileReference; fileEncoding = 4; lastKnownFileType = sourcecode.swift; path = StarRateView.swift; sourceTree = "<group>"; };
		F3717C9B1BBBE2A10038795A /* BadgesCollectionViewCell.swift */ = {isa = PBXFileReference; fileEncoding = 4; lastKnownFileType = sourcecode.swift; path = BadgesCollectionViewCell.swift; sourceTree = "<group>"; };
		F3717C9C1BBBE2A10038795A /* BadgesCollectionViewCell.xib */ = {isa = PBXFileReference; fileEncoding = 4; lastKnownFileType = file.xib; path = BadgesCollectionViewCell.xib; sourceTree = "<group>"; };
		F37968F01BCE812E0074B57D /* SRMonthPicker.m */ = {isa = PBXFileReference; fileEncoding = 4; lastKnownFileType = sourcecode.c.objc; path = SRMonthPicker.m; sourceTree = "<group>"; };
		F37968F11BCE812E0074B57D /* SRMonthPicker.h */ = {isa = PBXFileReference; fileEncoding = 4; lastKnownFileType = sourcecode.c.h; path = SRMonthPicker.h; sourceTree = "<group>"; };
		F37968F31BCE81500074B57D /* EditProfileViewController.swift */ = {isa = PBXFileReference; fileEncoding = 4; lastKnownFileType = sourcecode.swift; path = EditProfileViewController.swift; sourceTree = "<group>"; };
		F38235601C08173E00B14F8E /* CoreTelephony.framework */ = {isa = PBXFileReference; lastKnownFileType = wrapper.framework; name = CoreTelephony.framework; path = System/Library/Frameworks/CoreTelephony.framework; sourceTree = SDKROOT; };
		F38235621C08174D00B14F8E /* SystemConfiguration.framework */ = {isa = PBXFileReference; lastKnownFileType = wrapper.framework; name = SystemConfiguration.framework; path = System/Library/Frameworks/SystemConfiguration.framework; sourceTree = SDKROOT; };
		F38235641C08175F00B14F8E /* libz.dylib */ = {isa = PBXFileReference; lastKnownFileType = "compiled.mach-o.dylib"; name = libz.dylib; path = usr/lib/libz.dylib; sourceTree = SDKROOT; };
		F38576A91BDDD9460072486B /* BookingSessionViewController.swift */ = {isa = PBXFileReference; fileEncoding = 4; lastKnownFileType = sourcecode.swift; path = BookingSessionViewController.swift; sourceTree = "<group>"; };
		F38576AB1BDDDF980072486B /* BookingTableViewCell.swift */ = {isa = PBXFileReference; fileEncoding = 4; lastKnownFileType = sourcecode.swift; path = BookingTableViewCell.swift; sourceTree = "<group>"; };
		F38576AC1BDDDF980072486B /* BookingTableViewCell.xib */ = {isa = PBXFileReference; fileEncoding = 4; lastKnownFileType = file.xib; path = BookingTableViewCell.xib; sourceTree = "<group>"; };
		F3884C661BF35DB300A62547 /* PackageViewController.swift */ = {isa = PBXFileReference; fileEncoding = 4; lastKnownFileType = sourcecode.swift; path = PackageViewController.swift; sourceTree = "<group>"; };
		F388D69E1BEC6BC400E41540 /* NotificationViewController.swift */ = {isa = PBXFileReference; fileEncoding = 4; lastKnownFileType = sourcecode.swift; path = NotificationViewController.swift; sourceTree = "<group>"; };
		F388D69F1BEC6BC500E41540 /* NotificationViewController.xib */ = {isa = PBXFileReference; fileEncoding = 4; lastKnownFileType = file.xib; path = NotificationViewController.xib; sourceTree = "<group>"; };
		F38950051BCF94FD00ED0C77 /* DIDatepicker.h */ = {isa = PBXFileReference; fileEncoding = 4; lastKnownFileType = sourcecode.c.h; path = DIDatepicker.h; sourceTree = "<group>"; };
		F38950061BCF94FD00ED0C77 /* DIDatepicker.m */ = {isa = PBXFileReference; fileEncoding = 4; lastKnownFileType = sourcecode.c.objc; path = DIDatepicker.m; sourceTree = "<group>"; };
		F38950071BCF94FD00ED0C77 /* DIDatepickerDateView.h */ = {isa = PBXFileReference; fileEncoding = 4; lastKnownFileType = sourcecode.c.h; path = DIDatepickerDateView.h; sourceTree = "<group>"; };
		F38950081BCF94FD00ED0C77 /* DIDatepickerDateView.m */ = {isa = PBXFileReference; fileEncoding = 4; lastKnownFileType = sourcecode.c.objc; path = DIDatepickerDateView.m; sourceTree = "<group>"; };
		F395D9751C0C29EA00BF26AC /* NewRelicAgent.framework */ = {isa = PBXFileReference; lastKnownFileType = wrapper.framework; path = NewRelicAgent.framework; sourceTree = "<group>"; };
		F39E61C01C02D524001D8576 /* BookingHistoryViewController.swift */ = {isa = PBXFileReference; fileEncoding = 4; lastKnownFileType = sourcecode.swift; path = BookingHistoryViewController.swift; sourceTree = "<group>"; };
		F39E61C21C02D878001D8576 /* HistoryTableViewCell.swift */ = {isa = PBXFileReference; fileEncoding = 4; lastKnownFileType = sourcecode.swift; path = HistoryTableViewCell.swift; sourceTree = "<group>"; };
		F39E61C31C02D878001D8576 /* HistoryTableViewCell.xib */ = {isa = PBXFileReference; fileEncoding = 4; lastKnownFileType = file.xib; path = HistoryTableViewCell.xib; sourceTree = "<group>"; };
		F39F4ACA1BF9BA3600056A0B /* SessionTimerViewController.swift */ = {isa = PBXFileReference; fileEncoding = 4; lastKnownFileType = sourcecode.swift; path = SessionTimerViewController.swift; sourceTree = "<group>"; };
		F39F4ACC1BF9C8B500056A0B /* TimerView.swift */ = {isa = PBXFileReference; fileEncoding = 4; lastKnownFileType = sourcecode.swift; path = TimerView.swift; sourceTree = "<group>"; };
		F39F4AD11BF9EE5600056A0B /* MZTimerLabel.h */ = {isa = PBXFileReference; fileEncoding = 4; lastKnownFileType = sourcecode.c.h; path = MZTimerLabel.h; sourceTree = "<group>"; };
		F39F4AD21BF9EE5600056A0B /* MZTimerLabel.m */ = {isa = PBXFileReference; fileEncoding = 4; lastKnownFileType = sourcecode.c.objc; path = MZTimerLabel.m; sourceTree = "<group>"; };
		F3A2AD221BD4A73800DA6F7B /* RateFeedbackCell.swift */ = {isa = PBXFileReference; fileEncoding = 4; lastKnownFileType = sourcecode.swift; path = RateFeedbackCell.swift; sourceTree = "<group>"; };
		F3A2AD231BD4A73800DA6F7B /* RateFeedbackCell.xib */ = {isa = PBXFileReference; fileEncoding = 4; lastKnownFileType = file.xib; path = RateFeedbackCell.xib; sourceTree = "<group>"; };
		F3A2AD261BD4A77000DA6F7B /* RateView.swift */ = {isa = PBXFileReference; fileEncoding = 4; lastKnownFileType = sourcecode.swift; path = RateView.swift; sourceTree = "<group>"; };
		F3A2AD281BD4A78600DA6F7B /* RateView.xib */ = {isa = PBXFileReference; fileEncoding = 4; lastKnownFileType = file.xib; path = RateView.xib; sourceTree = "<group>"; };
		F3B05B541BBA553600CA9ACA /* MainTabbarViewController.swift */ = {isa = PBXFileReference; fileEncoding = 4; lastKnownFileType = sourcecode.swift; path = MainTabbarViewController.swift; sourceTree = "<group>"; };
		F3CC9DDB1C0DC2F2006DAF6A /* IAPHelper.swift */ = {isa = PBXFileReference; fileEncoding = 4; lastKnownFileType = sourcecode.swift; path = IAPHelper.swift; sourceTree = "<group>"; };
		F3CDCB2A1BB27D490070EDAF /* FitHudl.app */ = {isa = PBXFileReference; explicitFileType = wrapper.application; includeInIndex = 0; path = FitHudl.app; sourceTree = BUILT_PRODUCTS_DIR; };
		F3CDCB2E1BB27D490070EDAF /* Info.plist */ = {isa = PBXFileReference; lastKnownFileType = text.plist.xml; path = Info.plist; sourceTree = "<group>"; };
		F3CDCB341BB27D4A0070EDAF /* ViewController.swift */ = {isa = PBXFileReference; lastKnownFileType = sourcecode.swift; path = ViewController.swift; sourceTree = "<group>"; };
		F3CDCB391BB27D4A0070EDAF /* Images.xcassets */ = {isa = PBXFileReference; lastKnownFileType = folder.assetcatalog; path = Images.xcassets; sourceTree = "<group>"; };
		F3CDCB421BB27D4A0070EDAF /* FitHUDLTests.xctest */ = {isa = PBXFileReference; explicitFileType = wrapper.cfbundle; includeInIndex = 0; path = FitHUDLTests.xctest; sourceTree = BUILT_PRODUCTS_DIR; };
		F3CDCB471BB27D4A0070EDAF /* Info.plist */ = {isa = PBXFileReference; lastKnownFileType = text.plist.xml; path = Info.plist; sourceTree = "<group>"; };
		F3CDCB481BB27D4A0070EDAF /* FitHUDLTests.swift */ = {isa = PBXFileReference; lastKnownFileType = sourcecode.swift; path = FitHUDLTests.swift; sourceTree = "<group>"; };
		F3E266631BECCB2E00717724 /* NotificationCell.swift */ = {isa = PBXFileReference; fileEncoding = 4; lastKnownFileType = sourcecode.swift; path = NotificationCell.swift; sourceTree = "<group>"; };
		F3E266641BECCB2E00717724 /* NotificationCell.xib */ = {isa = PBXFileReference; fileEncoding = 4; lastKnownFileType = file.xib; path = NotificationCell.xib; sourceTree = "<group>"; };
		F3E3D93B1BBD14F100E45E36 /* CustomPopupViewController.swift */ = {isa = PBXFileReference; fileEncoding = 4; lastKnownFileType = sourcecode.swift; path = CustomPopupViewController.swift; sourceTree = "<group>"; };
		F3E3D9491BBD526E00E45E36 /* UserReviewCollectionViewCell.swift */ = {isa = PBXFileReference; fileEncoding = 4; lastKnownFileType = sourcecode.swift; path = UserReviewCollectionViewCell.swift; sourceTree = "<group>"; };
		F3E3D94A1BBD526E00E45E36 /* UserReviewCollectionViewCell.xib */ = {isa = PBXFileReference; fileEncoding = 4; lastKnownFileType = file.xib; path = UserReviewCollectionViewCell.xib; sourceTree = "<group>"; };
		F3E8C5F31BFEE726003D5790 /* FBSDKShareKit.framework */ = {isa = PBXFileReference; lastKnownFileType = wrapper.framework; path = FBSDKShareKit.framework; sourceTree = "<group>"; };
/* End PBXFileReference section */

/* Begin PBXFrameworksBuildPhase section */
		F3CDCB271BB27D490070EDAF /* Frameworks */ = {
			isa = PBXFrameworksBuildPhase;
			buildActionMask = 2147483647;
			files = (
				F395D97B1C0C3BC100BF26AC /* libz.dylib in Frameworks */,
				F395D97A1C0C3BB700BF26AC /* CoreTelephony.framework in Frameworks */,
				F395D9791C0C3B9E00BF26AC /* SystemConfiguration.framework in Frameworks */,
				F3438A9C1BB2845D001BA5E6 /* FBSDKLoginKit.framework in Frameworks */,
				F3438A9B1BB2845D001BA5E6 /* FBSDKCoreKit.framework in Frameworks */,
				F3E8C5F41BFEE726003D5790 /* FBSDKShareKit.framework in Frameworks */,
				F395D9761C0C29EA00BF26AC /* NewRelicAgent.framework in Frameworks */,
			);
			runOnlyForDeploymentPostprocessing = 0;
		};
		F3CDCB3F1BB27D4A0070EDAF /* Frameworks */ = {
			isa = PBXFrameworksBuildPhase;
			buildActionMask = 2147483647;
			files = (
				F395D9771C0C2A4700BF26AC /* NewRelicAgent.framework in Frameworks */,
				F38235651C08175F00B14F8E /* libz.dylib in Frameworks */,
				F38235631C08174D00B14F8E /* SystemConfiguration.framework in Frameworks */,
				F38235611C08173E00B14F8E /* CoreTelephony.framework in Frameworks */,
			);
			runOnlyForDeploymentPostprocessing = 0;
		};
/* End PBXFrameworksBuildPhase section */

/* Begin PBXGroup section */
		F305F51E1BB9069A006BEFA2 /* iCarousel */ = {
			isa = PBXGroup;
			children = (
				F305F51F1BB906AA006BEFA2 /* iCarousel.h */,
				F305F5201BB906AA006BEFA2 /* iCarousel.m */,
			);
			path = iCarousel;
			sourceTree = "<group>";
		};
		F305F5221BB951D8006BEFA2 /* Profile */ = {
			isa = PBXGroup;
			children = (
				F35FAE581BFB3A3E00FDB777 /* BookingRequestViewController.swift */,
				F37968F31BCE81500074B57D /* EditProfileViewController.swift */,
				F305F5261BB96691006BEFA2 /* MyProfileViewController.swift */,
				F38576A91BDDD9460072486B /* BookingSessionViewController.swift */,
				F39F4ACA1BF9BA3600056A0B /* SessionTimerViewController.swift */,
			);
			path = Profile;
			sourceTree = "<group>";
		};
		F305F5231BB96646006BEFA2 /* Favorites */ = {
			isa = PBXGroup;
			children = (
				F305F5281BB966B4006BEFA2 /* FavoritesViewController.swift */,
			);
			path = Favorites;
			sourceTree = "<group>";
		};
		F305F5241BB96646006BEFA2 /* Feedback */ = {
			isa = PBXGroup;
			children = (
				F305F52A1BB966C5006BEFA2 /* FeedbackViewController.swift */,
			);
			path = Feedback;
			sourceTree = "<group>";
		};
		F305F5251BB9665D006BEFA2 /* Search */ = {
			isa = PBXGroup;
			children = (
				F305F52C1BB966D5006BEFA2 /* SearchViewController.swift */,
				F35654BA1BE0BAE8006A8705 /* SearchResultViewController.swift */,
			);
			path = Search;
			sourceTree = "<group>";
		};
		F3438A711BB27DCF001BA5E6 /* AppDelegate */ = {
			isa = PBXGroup;
			children = (
				F3438A7F1BB27EBF001BA5E6 /* AppDelegate.swift */,
			);
			path = AppDelegate;
			sourceTree = "<group>";
		};
		F3438A721BB27DDA001BA5E6 /* Storyboard */ = {
			isa = PBXGroup;
			children = (
				F3438A811BB27ED2001BA5E6 /* LaunchScreen.xib */,
				F3438A821BB27ED2001BA5E6 /* Main.storyboard */,
			);
			path = Storyboard;
			sourceTree = "<group>";
		};
		F3438A731BB27DE2001BA5E6 /* UI */ = {
			isa = PBXGroup;
			children = (
				F3438A751BB27E25001BA5E6 /* CustomViews */,
				F3438A761BB27E25001BA5E6 /* ViewControllers */,
				F3438A771BB27E25001BA5E6 /* CustomCells */,
			);
			path = UI;
			sourceTree = "<group>";
		};
		F3438A741BB27DEB001BA5E6 /* CustomClasses */ = {
			isa = PBXGroup;
			children = (
				F3438A9D1BB28915001BA5E6 /* Utils */,
				F3438A8A1BB27F74001BA5E6 /* FitHUDL-Bridging-Header.h */,
				F3438A8B1BB27F74001BA5E6 /* CustomURLConnection.swift */,
			);
			path = CustomClasses;
			sourceTree = "<group>";
		};
		F3438A751BB27E25001BA5E6 /* CustomViews */ = {
			isa = PBXGroup;
			children = (
				F39F4AD01BF9EE3E00056A0B /* Timer */,
				F38950041BCF94B100ED0C77 /* Calendar */,
				F37968EF1BCE80E50074B57D /* MonthPicker */,
				F3003EA01BBA8105001354E3 /* UserReviewView.swift */,
				F3003EA21BBA8117001354E3 /* UserReviewView.xib */,
				F3717C971BBB9FFF0038795A /* StarRateView.swift */,
				F3A2AD261BD4A77000DA6F7B /* RateView.swift */,
				F3A2AD281BD4A78600DA6F7B /* RateView.xib */,
				F388D69E1BEC6BC400E41540 /* NotificationViewController.swift */,
				F388D69F1BEC6BC500E41540 /* NotificationViewController.xib */,
				F39F4ACC1BF9C8B500056A0B /* TimerView.swift */,
			);
			path = CustomViews;
			sourceTree = "<group>";
		};
		F3438A761BB27E25001BA5E6 /* ViewControllers */ = {
			isa = PBXGroup;
			children = (
				F39E61BF1C02D397001D8576 /* Booking */,
				F388D6961BEC517900E41540 /* Notification */,
				F3B05B531BBA551700CA9ACA /* TabBarController */,
				F305F5251BB9665D006BEFA2 /* Search */,
				F305F5241BB96646006BEFA2 /* Feedback */,
				F305F5231BB96646006BEFA2 /* Favorites */,
				F305F5221BB951D8006BEFA2 /* Profile */,
				F3438A781BB27E3A001BA5E6 /* Login */,
				F3884C651BF35D9100A62547 /* Packages */,
			);
			path = ViewControllers;
			sourceTree = "<group>";
		};
		F3438A771BB27E25001BA5E6 /* CustomCells */ = {
			isa = PBXGroup;
			children = (
				F3551CF41BCE08AB00A94B1B /* FavouritesListCell.swift */,
				F3717C9B1BBBE2A10038795A /* BadgesCollectionViewCell.swift */,
				F3717C9C1BBBE2A10038795A /* BadgesCollectionViewCell.xib */,
				F3E3D9491BBD526E00E45E36 /* UserReviewCollectionViewCell.swift */,
				F3E3D94A1BBD526E00E45E36 /* UserReviewCollectionViewCell.xib */,
				F3A2AD221BD4A73800DA6F7B /* RateFeedbackCell.swift */,
				F3A2AD231BD4A73800DA6F7B /* RateFeedbackCell.xib */,
				F38576AB1BDDDF980072486B /* BookingTableViewCell.swift */,
				F38576AC1BDDDF980072486B /* BookingTableViewCell.xib */,
				F3E266631BECCB2E00717724 /* NotificationCell.swift */,
				F3E266641BECCB2E00717724 /* NotificationCell.xib */,
				F39E61C21C02D878001D8576 /* HistoryTableViewCell.swift */,
				F39E61C31C02D878001D8576 /* HistoryTableViewCell.xib */,
			);
			path = CustomCells;
			sourceTree = "<group>";
		};
		F3438A781BB27E3A001BA5E6 /* Login */ = {
			isa = PBXGroup;
			children = (
				F3438A791BB27E62001BA5E6 /* LoginOrSignUpViewController.swift */,
				F3438A7A1BB27E62001BA5E6 /* SignupViewController.swift */,
				F3438A7B1BB27E62001BA5E6 /* LoginViewController.swift */,
				F321BDBE1C0EF76A0060FECD /* ChangePasswordViewController.swift */,
			);
			path = Login;
			sourceTree = "<group>";
		};
		F3438A851BB27F1F001BA5E6 /* DataStructure */ = {
			isa = PBXGroup;
			children = (
				F340903E1BCBAEC600FF977A /* User.swift */,
				F36691621BCD072A00B74CFE /* Images.swift */,
				F34262761BD8E86400A1EF69 /* UsersList.swift */,
			);
			path = DataStructure;
			sourceTree = "<group>";
		};
		F3438A861BB27F1F001BA5E6 /* DataModel */ = {
			isa = PBXGroup;
			children = (
				F3438A871BB27F50001BA5E6 /* FitHUDL.xcdatamodeld */,
			);
			path = DataModel;
			sourceTree = "<group>";
		};
		F3438A8D1BB27F8A001BA5E6 /* Libs */ = {
			isa = PBXGroup;
			children = (
				F38235641C08175F00B14F8E /* libz.dylib */,
				F38235601C08173E00B14F8E /* CoreTelephony.framework */,
				F305F51E1BB9069A006BEFA2 /* iCarousel */,
				F38235621C08174D00B14F8E /* SystemConfiguration.framework */,
				F3438A8E1BB27FB2001BA5E6 /* Facebook */,
			);
			path = Libs;
			sourceTree = "<group>";
		};
		F3438A8E1BB27FB2001BA5E6 /* Facebook */ = {
			isa = PBXGroup;
			children = (
				F3E8C5F31BFEE726003D5790 /* FBSDKShareKit.framework */,
				F3438A971BB2845D001BA5E6 /* FacebookSDKStrings.bundle */,
				F3438A981BB2845D001BA5E6 /* FBSDKCoreKit.framework */,
				F3438A991BB2845D001BA5E6 /* FBSDKLoginKit.framework */,
			);
			path = Facebook;
			sourceTree = "<group>";
		};
		F3438A9D1BB28915001BA5E6 /* Utils */ = {
			isa = PBXGroup;
			children = (
				F3438A9F1BB28A03001BA5E6 /* Reachability.h */,
				F3438A9E1BB28A03001BA5E6 /* Reachability.m */,
			);
			path = Utils;
			sourceTree = "<group>";
		};
		F3438AA11BB290B6001BA5E6 /* Globals */ = {
			isa = PBXGroup;
			children = (
				F3438AA21BB290B6001BA5E6 /* AppConstants.swift */,
				F3438AA31BB290B6001BA5E6 /* Globals.swift */,
			);
			path = Globals;
			sourceTree = "<group>";
		};
		F36B81F11BB536DB00CB8043 /* Font */ = {
			isa = PBXGroup;
			children = (
				F3003EA61BBAB065001354E3 /* OpenSans-Bold.ttf */,
				F3003EA41BBA887C001354E3 /* OpenSans-LightItalic.ttf */,
				F36B81F21BB5373B00CB8043 /* OpenSans-Light.ttf */,
				F36B81F31BB5373B00CB8043 /* OpenSans-Regular.ttf */,
			);
			path = Font;
			sourceTree = "<group>";
		};
		F37968EF1BCE80E50074B57D /* MonthPicker */ = {
			isa = PBXGroup;
			children = (
				F37968F01BCE812E0074B57D /* SRMonthPicker.m */,
				F37968F11BCE812E0074B57D /* SRMonthPicker.h */,
			);
			path = MonthPicker;
			sourceTree = "<group>";
		};
		F3884C651BF35D9100A62547 /* Packages */ = {
			isa = PBXGroup;
			children = (
				F3CC9DDB1C0DC2F2006DAF6A /* IAPHelper.swift */,
				F3884C661BF35DB300A62547 /* PackageViewController.swift */,
			);
			name = Packages;
			path = Login;
			sourceTree = "<group>";
		};
		F388D6961BEC517900E41540 /* Notification */ = {
			isa = PBXGroup;
			children = (
			);
			name = Notification;
			path = Login;
			sourceTree = "<group>";
		};
		F38950041BCF94B100ED0C77 /* Calendar */ = {
			isa = PBXGroup;
			children = (
				F38950051BCF94FD00ED0C77 /* DIDatepicker.h */,
				F38950061BCF94FD00ED0C77 /* DIDatepicker.m */,
				F38950071BCF94FD00ED0C77 /* DIDatepickerDateView.h */,
				F38950081BCF94FD00ED0C77 /* DIDatepickerDateView.m */,
			);
			path = Calendar;
			sourceTree = "<group>";
		};
		F39E61BF1C02D397001D8576 /* Booking */ = {
			isa = PBXGroup;
			children = (
				F39E61C01C02D524001D8576 /* BookingHistoryViewController.swift */,
			);
			path = Booking;
			sourceTree = "<group>";
		};
		F39F4AD01BF9EE3E00056A0B /* Timer */ = {
			isa = PBXGroup;
			children = (
				F39F4AD11BF9EE5600056A0B /* MZTimerLabel.h */,
				F39F4AD21BF9EE5600056A0B /* MZTimerLabel.m */,
			);
			path = Timer;
			sourceTree = "<group>";
		};
		F3B05B531BBA551700CA9ACA /* TabBarController */ = {
			isa = PBXGroup;
			children = (
				F3B05B541BBA553600CA9ACA /* MainTabbarViewController.swift */,
				F3E3D93B1BBD14F100E45E36 /* CustomPopupViewController.swift */,
			);
			path = TabBarController;
			sourceTree = "<group>";
		};
		F3CDCB211BB27D490070EDAF = {
			isa = PBXGroup;
			children = (
				F3CDCB2C1BB27D490070EDAF /* FitHUDL */,
				F3CDCB451BB27D4A0070EDAF /* FitHUDLTests */,
				F3CDCB2B1BB27D490070EDAF /* Products */,
			);
			sourceTree = "<group>";
		};
		F3CDCB2B1BB27D490070EDAF /* Products */ = {
			isa = PBXGroup;
			children = (
				F3CDCB2A1BB27D490070EDAF /* FitHudl.app */,
				F3CDCB421BB27D4A0070EDAF /* FitHUDLTests.xctest */,
			);
			name = Products;
			sourceTree = "<group>";
		};
		F3CDCB2C1BB27D490070EDAF /* FitHUDL */ = {
			isa = PBXGroup;
			children = (
				F36B81F11BB536DB00CB8043 /* Font */,
				F3438AA11BB290B6001BA5E6 /* Globals */,
				F3438A8D1BB27F8A001BA5E6 /* Libs */,
				F3438A851BB27F1F001BA5E6 /* DataStructure */,
				F3438A861BB27F1F001BA5E6 /* DataModel */,
				F3438A741BB27DEB001BA5E6 /* CustomClasses */,
				F3438A731BB27DE2001BA5E6 /* UI */,
				F3438A721BB27DDA001BA5E6 /* Storyboard */,
				F3438A711BB27DCF001BA5E6 /* AppDelegate */,
				F3CDCB341BB27D4A0070EDAF /* ViewController.swift */,
				F3CDCB391BB27D4A0070EDAF /* Images.xcassets */,
				F3CDCB2D1BB27D490070EDAF /* Supporting Files */,
			);
			path = FitHUDL;
			sourceTree = "<group>";
		};
		F3CDCB2D1BB27D490070EDAF /* Supporting Files */ = {
			isa = PBXGroup;
			children = (
				F395D9751C0C29EA00BF26AC /* NewRelicAgent.framework */,
				F3CDCB2E1BB27D490070EDAF /* Info.plist */,
			);
			name = "Supporting Files";
			sourceTree = "<group>";
		};
		F3CDCB451BB27D4A0070EDAF /* FitHUDLTests */ = {
			isa = PBXGroup;
			children = (
				F3CDCB481BB27D4A0070EDAF /* FitHUDLTests.swift */,
				F3CDCB461BB27D4A0070EDAF /* Supporting Files */,
			);
			path = FitHUDLTests;
			sourceTree = "<group>";
		};
		F3CDCB461BB27D4A0070EDAF /* Supporting Files */ = {
			isa = PBXGroup;
			children = (
				F3CDCB471BB27D4A0070EDAF /* Info.plist */,
			);
			name = "Supporting Files";
			sourceTree = "<group>";
		};
/* End PBXGroup section */

/* Begin PBXNativeTarget section */
		F3CDCB291BB27D490070EDAF /* FitHUDL */ = {
			isa = PBXNativeTarget;
			buildConfigurationList = F3CDCB4C1BB27D4A0070EDAF /* Build configuration list for PBXNativeTarget "FitHUDL" */;
			buildPhases = (
				F3CDCB261BB27D490070EDAF /* Sources */,
				F3CDCB271BB27D490070EDAF /* Frameworks */,
				F3CDCB281BB27D490070EDAF /* Resources */,
				F37968E31BCE280B0074B57D /* ShellScript */,
			);
			buildRules = (
			);
			dependencies = (
			);
			name = FitHUDL;
			productName = FitHUDL;
			productReference = F3CDCB2A1BB27D490070EDAF /* FitHudl.app */;
			productType = "com.apple.product-type.application";
		};
		F3CDCB411BB27D4A0070EDAF /* FitHUDLTests */ = {
			isa = PBXNativeTarget;
			buildConfigurationList = F3CDCB4F1BB27D4A0070EDAF /* Build configuration list for PBXNativeTarget "FitHUDLTests" */;
			buildPhases = (
				F3CDCB3E1BB27D4A0070EDAF /* Sources */,
				F3CDCB3F1BB27D4A0070EDAF /* Frameworks */,
				F3CDCB401BB27D4A0070EDAF /* Resources */,
			);
			buildRules = (
			);
			dependencies = (
				F3CDCB441BB27D4A0070EDAF /* PBXTargetDependency */,
			);
			name = FitHUDLTests;
			productName = FitHUDLTests;
			productReference = F3CDCB421BB27D4A0070EDAF /* FitHUDLTests.xctest */;
			productType = "com.apple.product-type.bundle.unit-test";
		};
/* End PBXNativeTarget section */

/* Begin PBXProject section */
		F3CDCB221BB27D490070EDAF /* Project object */ = {
			isa = PBXProject;
			attributes = {
				LastSwiftUpdateCheck = 0700;
				LastUpgradeCheck = 0640;
				ORGANIZATIONNAME = "Ti Technologies";
				TargetAttributes = {
					F3CDCB291BB27D490070EDAF = {
						CreatedOnToolsVersion = 6.4;
						DevelopmentTeam = 7QVT6YDQZ2;
						SystemCapabilities = {
							com.apple.OMC = {
								enabled = 0;
							};
							com.apple.Passbook = {
								enabled = 0;
							};
						};
					};
					F3CDCB411BB27D4A0070EDAF = {
						CreatedOnToolsVersion = 6.4;
						TestTargetID = F3CDCB291BB27D490070EDAF;
					};
				};
			};
			buildConfigurationList = F3CDCB251BB27D490070EDAF /* Build configuration list for PBXProject "FitHUDL" */;
			compatibilityVersion = "Xcode 3.2";
			developmentRegion = English;
			hasScannedForEncodings = 0;
			knownRegions = (
				en,
				Base,
			);
			mainGroup = F3CDCB211BB27D490070EDAF;
			productRefGroup = F3CDCB2B1BB27D490070EDAF /* Products */;
			projectDirPath = "";
			projectRoot = "";
			targets = (
				F3CDCB291BB27D490070EDAF /* FitHUDL */,
				F3CDCB411BB27D4A0070EDAF /* FitHUDLTests */,
			);
		};
/* End PBXProject section */

/* Begin PBXResourcesBuildPhase section */
		F3CDCB281BB27D490070EDAF /* Resources */ = {
			isa = PBXResourcesBuildPhase;
			buildActionMask = 2147483647;
			files = (
				F388D6A11BEC6BC500E41540 /* NotificationViewController.xib in Resources */,
				F3E3D94C1BBD526E00E45E36 /* UserReviewCollectionViewCell.xib in Resources */,
				F3003EA71BBAB071001354E3 /* OpenSans-Bold.ttf in Resources */,
				F3A2AD251BD4A73800DA6F7B /* RateFeedbackCell.xib in Resources */,
				F39E61C51C02D878001D8576 /* HistoryTableViewCell.xib in Resources */,
				F3003EA51BBA88F8001354E3 /* OpenSans-LightItalic.ttf in Resources */,
				F3438A841BB27ED2001BA5E6 /* Main.storyboard in Resources */,
				F38576AE1BDDDF980072486B /* BookingTableViewCell.xib in Resources */,
				F3438A831BB27ED2001BA5E6 /* LaunchScreen.xib in Resources */,
				F3717C9E1BBBE2A10038795A /* BadgesCollectionViewCell.xib in Resources */,
				F3CDCB3A1BB27D4A0070EDAF /* Images.xcassets in Resources */,
				F36B81F41BB5373B00CB8043 /* OpenSans-Light.ttf in Resources */,
				F3003EA31BBA8117001354E3 /* UserReviewView.xib in Resources */,
				F3E266661BECCB2E00717724 /* NotificationCell.xib in Resources */,
				F3A2AD291BD4A78600DA6F7B /* RateView.xib in Resources */,
				F36B81F51BB5373B00CB8043 /* OpenSans-Regular.ttf in Resources */,
				F3438A9A1BB2845D001BA5E6 /* FacebookSDKStrings.bundle in Resources */,
			);
			runOnlyForDeploymentPostprocessing = 0;
		};
		F3CDCB401BB27D4A0070EDAF /* Resources */ = {
			isa = PBXResourcesBuildPhase;
			buildActionMask = 2147483647;
			files = (
				F395D9781C0C2BCF00BF26AC /* NewRelicAgent.framework in Resources */,
			);
			runOnlyForDeploymentPostprocessing = 0;
		};
/* End PBXResourcesBuildPhase section */

/* Begin PBXShellScriptBuildPhase section */
		F37968E31BCE280B0074B57D /* ShellScript */ = {
			isa = PBXShellScriptBuildPhase;
			buildActionMask = 2147483647;
			files = (
			);
			inputPaths = (
			);
			outputPaths = (
			);
			runOnlyForDeploymentPostprocessing = 0;
			shellPath = /bin/sh;
			shellScript = "buildNumber=$(git rev-list HEAD | wc -l | tr -d ' ')\n/usr/libexec/PlistBuddy -c \"Set :CFBundleVersion $buildNumber\" \"${PROJECT_DIR}/${INFOPLIST_FILE}\"";
		};
/* End PBXShellScriptBuildPhase section */

/* Begin PBXSourcesBuildPhase section */
		F3CDCB261BB27D490070EDAF /* Sources */ = {
			isa = PBXSourcesBuildPhase;
			buildActionMask = 2147483647;
			files = (
				F3CC9DDC1C0DC2F2006DAF6A /* IAPHelper.swift in Sources */,
				F37968F41BCE81500074B57D /* EditProfileViewController.swift in Sources */,
				F3E3D93C1BBD14F100E45E36 /* CustomPopupViewController.swift in Sources */,
				F321BDBF1C0EF76A0060FECD /* ChangePasswordViewController.swift in Sources */,
				F3E3D94B1BBD526E00E45E36 /* UserReviewCollectionViewCell.swift in Sources */,
				F305F52D1BB966D5006BEFA2 /* SearchViewController.swift in Sources */,
				F35FAE591BFB3A3E00FDB777 /* BookingRequestViewController.swift in Sources */,
				F305F5291BB966B4006BEFA2 /* FavoritesViewController.swift in Sources */,
				F3438A801BB27EBF001BA5E6 /* AppDelegate.swift in Sources */,
				F3717C9D1BBBE2A10038795A /* BadgesCollectionViewCell.swift in Sources */,
				F37968F21BCE812E0074B57D /* SRMonthPicker.m in Sources */,
				F3438AA41BB290B6001BA5E6 /* AppConstants.swift in Sources */,
				F305F52B1BB966C5006BEFA2 /* FeedbackViewController.swift in Sources */,
				F3438A7E1BB27E62001BA5E6 /* LoginViewController.swift in Sources */,
				F3003EA11BBA8105001354E3 /* UserReviewView.swift in Sources */,
				F340903F1BCBAEC600FF977A /* User.swift in Sources */,
				F38576AA1BDDD9460072486B /* BookingSessionViewController.swift in Sources */,
				F388D6A01BEC6BC500E41540 /* NotificationViewController.swift in Sources */,
				F38576AD1BDDDF980072486B /* BookingTableViewCell.swift in Sources */,
				F3438AA01BB28A03001BA5E6 /* Reachability.m in Sources */,
				F34262771BD8E86400A1EF69 /* UsersList.swift in Sources */,
				F39E61C11C02D524001D8576 /* BookingHistoryViewController.swift in Sources */,
				F305F5211BB906AA006BEFA2 /* iCarousel.m in Sources */,
				F389500A1BCF94FD00ED0C77 /* DIDatepickerDateView.m in Sources */,
				F3884C671BF35DB300A62547 /* PackageViewController.swift in Sources */,
				F3438A8C1BB27F74001BA5E6 /* CustomURLConnection.swift in Sources */,
				F3B05B551BBA553600CA9ACA /* MainTabbarViewController.swift in Sources */,
				F3551CF51BCE08AB00A94B1B /* FavouritesListCell.swift in Sources */,
				F3A2AD241BD4A73800DA6F7B /* RateFeedbackCell.swift in Sources */,
				F36691631BCD072A00B74CFE /* Images.swift in Sources */,
				F305F5271BB96691006BEFA2 /* MyProfileViewController.swift in Sources */,
				F3717C981BBB9FFF0038795A /* StarRateView.swift in Sources */,
				F3438A891BB27F50001BA5E6 /* FitHUDL.xcdatamodeld in Sources */,
				F39F4ACD1BF9C8B500056A0B /* TimerView.swift in Sources */,
				F3E266651BECCB2E00717724 /* NotificationCell.swift in Sources */,
				F3CDCB351BB27D4A0070EDAF /* ViewController.swift in Sources */,
				F3438A7C1BB27E62001BA5E6 /* LoginOrSignUpViewController.swift in Sources */,
				F3A2AD271BD4A77000DA6F7B /* RateView.swift in Sources */,
				F35654BB1BE0BAE8006A8705 /* SearchResultViewController.swift in Sources */,
				F3438AA51BB290B6001BA5E6 /* Globals.swift in Sources */,
				F39F4AD31BF9EE5600056A0B /* MZTimerLabel.m in Sources */,
				F3438A7D1BB27E62001BA5E6 /* SignupViewController.swift in Sources */,
				F39F4ACB1BF9BA3600056A0B /* SessionTimerViewController.swift in Sources */,
				F38950091BCF94FD00ED0C77 /* DIDatepicker.m in Sources */,
				F39E61C41C02D878001D8576 /* HistoryTableViewCell.swift in Sources */,
			);
			runOnlyForDeploymentPostprocessing = 0;
		};
		F3CDCB3E1BB27D4A0070EDAF /* Sources */ = {
			isa = PBXSourcesBuildPhase;
			buildActionMask = 2147483647;
			files = (
				F3CDCB491BB27D4A0070EDAF /* FitHUDLTests.swift in Sources */,
			);
			runOnlyForDeploymentPostprocessing = 0;
		};
/* End PBXSourcesBuildPhase section */

/* Begin PBXTargetDependency section */
		F3CDCB441BB27D4A0070EDAF /* PBXTargetDependency */ = {
			isa = PBXTargetDependency;
			target = F3CDCB291BB27D490070EDAF /* FitHUDL */;
			targetProxy = F3CDCB431BB27D4A0070EDAF /* PBXContainerItemProxy */;
		};
/* End PBXTargetDependency section */

/* Begin XCBuildConfiguration section */
		F3CDCB4A1BB27D4A0070EDAF /* Debug */ = {
			isa = XCBuildConfiguration;
			buildSettings = {
				ALWAYS_SEARCH_USER_PATHS = NO;
				CLANG_CXX_LANGUAGE_STANDARD = "gnu++0x";
				CLANG_CXX_LIBRARY = "libc++";
				CLANG_ENABLE_MODULES = YES;
				CLANG_ENABLE_OBJC_ARC = YES;
				CLANG_WARN_BOOL_CONVERSION = YES;
				CLANG_WARN_CONSTANT_CONVERSION = YES;
				CLANG_WARN_DIRECT_OBJC_ISA_USAGE = YES_ERROR;
				CLANG_WARN_EMPTY_BODY = YES;
				CLANG_WARN_ENUM_CONVERSION = YES;
				CLANG_WARN_INT_CONVERSION = YES;
				CLANG_WARN_OBJC_ROOT_CLASS = YES_ERROR;
				CLANG_WARN_UNREACHABLE_CODE = YES;
				CLANG_WARN__DUPLICATE_METHOD_MATCH = YES;
				CODE_SIGN_IDENTITY = "iPhone Developer: Info Ti Technologies (74E64HKFV4)";
				"CODE_SIGN_IDENTITY[sdk=iphoneos*]" = "iPhone Developer: Info Ti Technologies (74E64HKFV4)";
				COPY_PHASE_STRIP = NO;
				DEBUG_INFORMATION_FORMAT = "dwarf-with-dsym";
				ENABLE_STRICT_OBJC_MSGSEND = YES;
				GCC_C_LANGUAGE_STANDARD = gnu99;
				GCC_DYNAMIC_NO_PIC = NO;
				GCC_NO_COMMON_BLOCKS = YES;
				GCC_OPTIMIZATION_LEVEL = 0;
				GCC_PREPROCESSOR_DEFINITIONS = (
					"DEBUG=1",
					"$(inherited)",
				);
				GCC_SYMBOLS_PRIVATE_EXTERN = NO;
				GCC_WARN_64_TO_32_BIT_CONVERSION = YES;
				GCC_WARN_ABOUT_RETURN_TYPE = YES_ERROR;
				GCC_WARN_UNDECLARED_SELECTOR = YES;
				GCC_WARN_UNINITIALIZED_AUTOS = YES_AGGRESSIVE;
				GCC_WARN_UNUSED_FUNCTION = YES;
				GCC_WARN_UNUSED_VARIABLE = YES;
				IPHONEOS_DEPLOYMENT_TARGET = 8.0;
				MTL_ENABLE_DEBUG_INFO = YES;
				ONLY_ACTIVE_ARCH = YES;
				PROVISIONING_PROFILE = "8ebc8702-55a0-4e8f-be50-0b023629c3e2";
				SDKROOT = iphoneos;
				SWIFT_OPTIMIZATION_LEVEL = "-Onone";
			};
			name = Debug;
		};
		F3CDCB4B1BB27D4A0070EDAF /* Release */ = {
			isa = XCBuildConfiguration;
			buildSettings = {
				ALWAYS_SEARCH_USER_PATHS = NO;
				CLANG_CXX_LANGUAGE_STANDARD = "gnu++0x";
				CLANG_CXX_LIBRARY = "libc++";
				CLANG_ENABLE_MODULES = YES;
				CLANG_ENABLE_OBJC_ARC = YES;
				CLANG_WARN_BOOL_CONVERSION = YES;
				CLANG_WARN_CONSTANT_CONVERSION = YES;
				CLANG_WARN_DIRECT_OBJC_ISA_USAGE = YES_ERROR;
				CLANG_WARN_EMPTY_BODY = YES;
				CLANG_WARN_ENUM_CONVERSION = YES;
				CLANG_WARN_INT_CONVERSION = YES;
				CLANG_WARN_OBJC_ROOT_CLASS = YES_ERROR;
				CLANG_WARN_UNREACHABLE_CODE = YES;
				CLANG_WARN__DUPLICATE_METHOD_MATCH = YES;
				CODE_SIGN_IDENTITY = "";
				"CODE_SIGN_IDENTITY[sdk=iphoneos*]" = "";
				COPY_PHASE_STRIP = NO;
				DEBUG_INFORMATION_FORMAT = "dwarf-with-dsym";
				ENABLE_NS_ASSERTIONS = NO;
				ENABLE_STRICT_OBJC_MSGSEND = YES;
				GCC_C_LANGUAGE_STANDARD = gnu99;
				GCC_NO_COMMON_BLOCKS = YES;
				GCC_WARN_64_TO_32_BIT_CONVERSION = YES;
				GCC_WARN_ABOUT_RETURN_TYPE = YES_ERROR;
				GCC_WARN_UNDECLARED_SELECTOR = YES;
				GCC_WARN_UNINITIALIZED_AUTOS = YES_AGGRESSIVE;
				GCC_WARN_UNUSED_FUNCTION = YES;
				GCC_WARN_UNUSED_VARIABLE = YES;
				IPHONEOS_DEPLOYMENT_TARGET = 8.0;
				MTL_ENABLE_DEBUG_INFO = NO;
				PROVISIONING_PROFILE = "";
				SDKROOT = iphoneos;
				VALIDATE_PRODUCT = YES;
			};
			name = Release;
		};
		F3CDCB4D1BB27D4A0070EDAF /* Debug */ = {
			isa = XCBuildConfiguration;
			buildSettings = {
				ASSETCATALOG_COMPILER_APPICON_NAME = AppIcon;
				CODE_SIGN_IDENTITY = "iPhone Developer: Info Ti Technologies (74E64HKFV4)";
				"CODE_SIGN_IDENTITY[sdk=iphoneos*]" = "iPhone Developer: Info Ti Technologies (74E64HKFV4)";
				FRAMEWORK_SEARCH_PATHS = (
					"$(inherited)",
					"$(PROJECT_DIR)/FitHUDL/Libs/Facebook",
					"$(PROJECT_DIR)/FitHUDL/Libs",
					"$(PROJECT_DIR)/FitHUDL",
				);
				INFOPLIST_FILE = FitHUDL/Info.plist;
				LD_RUNPATH_SEARCH_PATHS = "$(inherited) @executable_path/Frameworks";
				OTHER_LDFLAGS = "";
				PRODUCT_NAME = FitHudl;
				PROVISIONING_PROFILE = "38189426-1159-4bd3-a828-1172cf1db81d";
				SWIFT_OBJC_BRIDGING_HEADER = "$(PROJECT_DIR)/FitHUDL/CustomClasses/FitHUDL-Bridging-Header.h";
			};
			name = Debug;
		};
		F3CDCB4E1BB27D4A0070EDAF /* Release */ = {
			isa = XCBuildConfiguration;
			buildSettings = {
				ASSETCATALOG_COMPILER_APPICON_NAME = AppIcon;
				CODE_SIGN_IDENTITY = "iPhone Distribution: DEEPU ZACHARIA (7QVT6YDQZ2)";
				"CODE_SIGN_IDENTITY[sdk=iphoneos*]" = "iPhone Distribution: DEEPU ZACHARIA (7QVT6YDQZ2)";
				FRAMEWORK_SEARCH_PATHS = (
					"$(inherited)",
					"$(PROJECT_DIR)/FitHUDL/Libs/Facebook",
					"$(PROJECT_DIR)/FitHUDL/Libs",
					"$(PROJECT_DIR)/FitHUDL",
				);
				INFOPLIST_FILE = FitHUDL/Info.plist;
				LD_RUNPATH_SEARCH_PATHS = "$(inherited) @executable_path/Frameworks";
				OTHER_LDFLAGS = "";
				PRODUCT_NAME = FitHudl;
				PROVISIONING_PROFILE = "ff7ee5dd-4d29-4d01-9eff-71f24f33af25";
				SWIFT_OBJC_BRIDGING_HEADER = "$(PROJECT_DIR)/FitHUDL/CustomClasses/FitHUDL-Bridging-Header.h";
			};
			name = Release;
		};
		F3CDCB501BB27D4A0070EDAF /* Debug */ = {
			isa = XCBuildConfiguration;
			buildSettings = {
				ARCHS = "$(ARCHS_STANDARD)";
				BUNDLE_LOADER = "$(TEST_HOST)";
				CODE_SIGN_IDENTITY = "iPhone Developer: Info Ti Technologies (74E64HKFV4)";
				FRAMEWORK_SEARCH_PATHS = (
					"$(SDKROOT)/Developer/Library/Frameworks",
					"$(inherited)",
					"$(PROJECT_DIR)/FitHUDL",
				);
				GCC_PREPROCESSOR_DEFINITIONS = (
					"DEBUG=1",
					"$(inherited)",
				);
				INFOPLIST_FILE = FitHUDLTests/Info.plist;
				LD_RUNPATH_SEARCH_PATHS = "$(inherited) @executable_path/Frameworks @loader_path/Frameworks";
				PRODUCT_NAME = "$(TARGET_NAME)";
				PROVISIONING_PROFILE = "8ebc8702-55a0-4e8f-be50-0b023629c3e2";
				TEST_HOST = "$(BUILT_PRODUCTS_DIR)/FitHUDL.app/FitHUDL";
			};
			name = Debug;
		};
		F3CDCB511BB27D4A0070EDAF /* Release */ = {
			isa = XCBuildConfiguration;
			buildSettings = {
				ARCHS = "$(ARCHS_STANDARD)";
				BUNDLE_LOADER = "$(TEST_HOST)";
				CODE_SIGN_IDENTITY = "";
				FRAMEWORK_SEARCH_PATHS = (
					"$(SDKROOT)/Developer/Library/Frameworks",
					"$(inherited)",
					"$(PROJECT_DIR)/FitHUDL",
				);
				INFOPLIST_FILE = FitHUDLTests/Info.plist;
				LD_RUNPATH_SEARCH_PATHS = "$(inherited) @executable_path/Frameworks @loader_path/Frameworks";
				PRODUCT_NAME = "$(TARGET_NAME)";
				PROVISIONING_PROFILE = "";
				TEST_HOST = "$(BUILT_PRODUCTS_DIR)/FitHUDL.app/FitHUDL";
			};
			name = Release;
		};
/* End XCBuildConfiguration section */

/* Begin XCConfigurationList section */
		F3CDCB251BB27D490070EDAF /* Build configuration list for PBXProject "FitHUDL" */ = {
			isa = XCConfigurationList;
			buildConfigurations = (
				F3CDCB4A1BB27D4A0070EDAF /* Debug */,
				F3CDCB4B1BB27D4A0070EDAF /* Release */,
			);
			defaultConfigurationIsVisible = 0;
			defaultConfigurationName = Release;
		};
		F3CDCB4C1BB27D4A0070EDAF /* Build configuration list for PBXNativeTarget "FitHUDL" */ = {
			isa = XCConfigurationList;
			buildConfigurations = (
				F3CDCB4D1BB27D4A0070EDAF /* Debug */,
				F3CDCB4E1BB27D4A0070EDAF /* Release */,
			);
			defaultConfigurationIsVisible = 0;
			defaultConfigurationName = Release;
		};
		F3CDCB4F1BB27D4A0070EDAF /* Build configuration list for PBXNativeTarget "FitHUDLTests" */ = {
			isa = XCConfigurationList;
			buildConfigurations = (
				F3CDCB501BB27D4A0070EDAF /* Debug */,
				F3CDCB511BB27D4A0070EDAF /* Release */,
			);
			defaultConfigurationIsVisible = 0;
			defaultConfigurationName = Release;
		};
/* End XCConfigurationList section */

/* Begin XCVersionGroup section */
		F3438A871BB27F50001BA5E6 /* FitHUDL.xcdatamodeld */ = {
			isa = XCVersionGroup;
			children = (
				F3438A881BB27F50001BA5E6 /* FitHUDL.xcdatamodel */,
			);
			currentVersion = F3438A881BB27F50001BA5E6 /* FitHUDL.xcdatamodel */;
			path = FitHUDL.xcdatamodeld;
			sourceTree = "<group>";
			versionGroupType = wrapper.xcdatamodel;
		};
/* End XCVersionGroup section */
	};
	rootObject = F3CDCB221BB27D490070EDAF /* Project object */;
}
